// !$*UTF8*$!
{
	archiveVersion = 1;
	classes = {
	};
	objectVersion = 46;
	objects = {

/* Begin PBXBuildFile section */
		1D3623260D0F684500981E51 /* NewsBlurAppDelegate.m in Sources */ = {isa = PBXBuildFile; fileRef = 1D3623250D0F684500981E51 /* NewsBlurAppDelegate.m */; };
		1D60589B0D05DD56006BFB54 /* main.m in Sources */ = {isa = PBXBuildFile; fileRef = 29B97316FDCFA39411CA2CEA /* main.m */; };
		1D60589F0D05DD5A006BFB54 /* Foundation.framework in Frameworks */ = {isa = PBXBuildFile; fileRef = 1D30AB110D05D00D00671497 /* Foundation.framework */; };
		1DF5F4E00D08C38300B7A737 /* UIKit.framework in Frameworks */ = {isa = PBXBuildFile; fileRef = 1DF5F4DF0D08C38300B7A737 /* UIKit.framework */; };
		288765A50DF7441C002DB57D /* CoreGraphics.framework in Frameworks */ = {isa = PBXBuildFile; fileRef = 288765A40DF7441C002DB57D /* CoreGraphics.framework */; };
		2899E5220DE3E06400AC0155 /* NewsBlurViewController.xib in Resources */ = {isa = PBXBuildFile; fileRef = 2899E5210DE3E06400AC0155 /* NewsBlurViewController.xib */; };
		28AD733F0D9D9553002E5188 /* MainWindow.xib in Resources */ = {isa = PBXBuildFile; fileRef = 28AD733E0D9D9553002E5188 /* MainWindow.xib */; };
		28D7ACF80DDB3853001CB0EB /* NewsBlurViewController.m in Sources */ = {isa = PBXBuildFile; fileRef = 28D7ACF70DDB3853001CB0EB /* NewsBlurViewController.m */; };
		78095E34128EF30C00230C8E /* ASIAuthenticationDialog.m in Sources */ = {isa = PBXBuildFile; fileRef = 78095E25128EF30C00230C8E /* ASIAuthenticationDialog.m */; };
		78095E35128EF30D00230C8E /* ASIDownloadCache.m in Sources */ = {isa = PBXBuildFile; fileRef = 78095E28128EF30C00230C8E /* ASIDownloadCache.m */; };
		78095E36128EF30D00230C8E /* ASIFormDataRequest.m in Sources */ = {isa = PBXBuildFile; fileRef = 78095E2A128EF30C00230C8E /* ASIFormDataRequest.m */; };
		78095E37128EF30D00230C8E /* ASIHTTPRequest.m in Sources */ = {isa = PBXBuildFile; fileRef = 78095E2C128EF30C00230C8E /* ASIHTTPRequest.m */; };
		78095E38128EF30D00230C8E /* ASIInputStream.m in Sources */ = {isa = PBXBuildFile; fileRef = 78095E30128EF30C00230C8E /* ASIInputStream.m */; };
		78095E39128EF30D00230C8E /* ASINetworkQueue.m in Sources */ = {isa = PBXBuildFile; fileRef = 78095E32128EF30C00230C8E /* ASINetworkQueue.m */; };
		78095E3D128EF32200230C8E /* Reachability.m in Sources */ = {isa = PBXBuildFile; fileRef = 78095E3C128EF32200230C8E /* Reachability.m */; };
		78095E3F128EF35400230C8E /* CFNetwork.framework in Frameworks */ = {isa = PBXBuildFile; fileRef = 78095E3E128EF35400230C8E /* CFNetwork.framework */; };
		78095E43128EF37E00230C8E /* MobileCoreServices.framework in Frameworks */ = {isa = PBXBuildFile; fileRef = 78095E42128EF37E00230C8E /* MobileCoreServices.framework */; };
		78095E45128EF37E00230C8E /* SystemConfiguration.framework in Frameworks */ = {isa = PBXBuildFile; fileRef = 78095E44128EF37E00230C8E /* SystemConfiguration.framework */; };
		78095EC9128F30B500230C8E /* OriginalStoryViewController.m in Sources */ = {isa = PBXBuildFile; fileRef = 78095EC7128F30B500230C8E /* OriginalStoryViewController.m */; };
		78095ECA128F30B500230C8E /* OriginalStoryViewController.xib in Resources */ = {isa = PBXBuildFile; fileRef = 78095EC8128F30B500230C8E /* OriginalStoryViewController.xib */; };
		7842ECF811D44A530066CF9D /* StoryDetailViewController.m in Sources */ = {isa = PBXBuildFile; fileRef = 7842ECF611D44A530066CF9D /* StoryDetailViewController.m */; };
		7842ECF911D44A540066CF9D /* StoryDetailViewController.xib in Resources */ = {isa = PBXBuildFile; fileRef = 7842ECF711D44A530066CF9D /* StoryDetailViewController.xib */; };
		7843F4E911EEABDC00675F64 /* FeedDetailTableCell.xib in Resources */ = {isa = PBXBuildFile; fileRef = 7843F4E811EEABDC00675F64 /* FeedDetailTableCell.xib */; };
		7843F50511EEB1A000675F64 /* FeedDetailTableCell.m in Sources */ = {isa = PBXBuildFile; fileRef = 7843F50411EEB1A000675F64 /* FeedDetailTableCell.m */; };
		7843F50F11EEB4EE00675F64 /* bullet_blue.png in Resources */ = {isa = PBXBuildFile; fileRef = 7843F50B11EEB4EE00675F64 /* bullet_blue.png */; };
		7843F51011EEB4EE00675F64 /* bullet_orange.png in Resources */ = {isa = PBXBuildFile; fileRef = 7843F50C11EEB4EE00675F64 /* bullet_orange.png */; };
		7843F51111EEB4EE00675F64 /* bullet_red.png in Resources */ = {isa = PBXBuildFile; fileRef = 7843F50D11EEB4EE00675F64 /* bullet_red.png */; };
		7843F51211EEB4EE00675F64 /* bullet_yellow.png in Resources */ = {isa = PBXBuildFile; fileRef = 7843F50E11EEB4EE00675F64 /* bullet_yellow.png */; };
		784B50E5127E3A6A008F90EA /* LoginViewController.xib in Resources */ = {isa = PBXBuildFile; fileRef = 784B50E3127E3A6A008F90EA /* LoginViewController.xib */; };
		784B50ED127E3F68008F90EA /* LoginViewController.m in Sources */ = {isa = PBXBuildFile; fileRef = 784B50EB127E3F68008F90EA /* LoginViewController.m */; };
		787A0CDB11CE65330056422D /* FeedDetailViewController.m in Sources */ = {isa = PBXBuildFile; fileRef = 787A0CD911CE65330056422D /* FeedDetailViewController.m */; };
		787A0CDC11CE65330056422D /* FeedDetailViewController.xib in Resources */ = {isa = PBXBuildFile; fileRef = 787A0CDA11CE65330056422D /* FeedDetailViewController.xib */; };
		787B782F129356FC0025F214 /* bullet_green.png in Resources */ = {isa = PBXBuildFile; fileRef = 787B782E129356FC0025F214 /* bullet_green.png */; };
		788EF356127E5BC80088EDC5 /* QuartzCore.framework in Frameworks */ = {isa = PBXBuildFile; fileRef = 788EF355127E5BC80088EDC5 /* QuartzCore.framework */; };
		78FC34F711CA94900055C312 /* NSObject+SBJSON.m in Sources */ = {isa = PBXBuildFile; fileRef = 78FC34EC11CA94900055C312 /* NSObject+SBJSON.m */; };
		78FC34F811CA94900055C312 /* NSString+SBJSON.m in Sources */ = {isa = PBXBuildFile; fileRef = 78FC34EE11CA94900055C312 /* NSString+SBJSON.m */; };
		78FC34F911CA94900055C312 /* SBJSON.m in Sources */ = {isa = PBXBuildFile; fileRef = 78FC34F011CA94900055C312 /* SBJSON.m */; };
		78FC34FA11CA94900055C312 /* SBJsonBase.m in Sources */ = {isa = PBXBuildFile; fileRef = 78FC34F211CA94900055C312 /* SBJsonBase.m */; };
		78FC34FB11CA94900055C312 /* SBJsonParser.m in Sources */ = {isa = PBXBuildFile; fileRef = 78FC34F411CA94900055C312 /* SBJsonParser.m */; };
		78FC34FC11CA94900055C312 /* SBJsonWriter.m in Sources */ = {isa = PBXBuildFile; fileRef = 78FC34F611CA94900055C312 /* SBJsonWriter.m */; };
		FF032DCE13F9F01900FA3F76 /* Entitlements.entitlements in Resources */ = {isa = PBXBuildFile; fileRef = FF032DCD13F9F01900FA3F76 /* Entitlements.entitlements */; };
		FF1902C9144A5D53000BC634 /* ellipses.png in Resources */ = {isa = PBXBuildFile; fileRef = FF1902C7144A5D53000BC634 /* ellipses.png */; };
		FF1902CA144A5D53000BC634 /* ellipses@2x.png in Resources */ = {isa = PBXBuildFile; fileRef = FF1902C8144A5D53000BC634 /* ellipses@2x.png */; };
		FF1902CE144A5DAB000BC634 /* ellipses_half.png in Resources */ = {isa = PBXBuildFile; fileRef = FF1902CC144A5DAB000BC634 /* ellipses_half.png */; };
		FF1902CF144A5DAB000BC634 /* ellipses_half@2x.png in Resources */ = {isa = PBXBuildFile; fileRef = FF1902CD144A5DAB000BC634 /* ellipses_half@2x.png */; };
		FF1902D1144A6854000BC634 /* train.png in Resources */ = {isa = PBXBuildFile; fileRef = FF1902D0144A6854000BC634 /* train.png */; };
		FF1C46BC13E5E9BB00E7609E /* Default.png in Resources */ = {isa = PBXBuildFile; fileRef = FF1C46BB13E5E9BB00E7609E /* Default.png */; };
		FF1C46BE13E5E9BD00E7609E /* Default@2x.png in Resources */ = {isa = PBXBuildFile; fileRef = FF1C46BD13E5E9BD00E7609E /* Default@2x.png */; };
		FF1C46C013E6002300E7609E /* logo_57.png in Resources */ = {isa = PBXBuildFile; fileRef = FF1C46BF13E6002300E7609E /* logo_57.png */; };
		FF1C46C213E6003300E7609E /* logo_114.png in Resources */ = {isa = PBXBuildFile; fileRef = FF1C46C113E6003300E7609E /* logo_114.png */; };
		FF38679B13D88EEC00F8AB3A /* NSString+HTML.m in Sources */ = {isa = PBXBuildFile; fileRef = FF38679A13D88EEC00F8AB3A /* NSString+HTML.m */; };
		FF38679E13D8914A00F8AB3A /* GTMNString+HTML.m in Sources */ = {isa = PBXBuildFile; fileRef = FF38679D13D8914A00F8AB3A /* GTMNString+HTML.m */; };
		FF38DB1313F2112D00251891 /* UIView+TKCategory.m in Sources */ = {isa = PBXBuildFile; fileRef = FF38DB1213F2112D00251891 /* UIView+TKCategory.m */; };
		FF38DB1713F211DC00251891 /* UIImage+TKCategory.m in Sources */ = {isa = PBXBuildFile; fileRef = FF38DB1613F211DC00251891 /* UIImage+TKCategory.m */; };
		FF38DB1A13F21B2C00251891 /* ABTableViewCell.m in Sources */ = {isa = PBXBuildFile; fileRef = FF38DB1913F21B2C00251891 /* ABTableViewCell.m */; };
		FF435EDB13E9AF4A0083043F /* Base64.m in Sources */ = {isa = PBXBuildFile; fileRef = FF435EDA13E9AF4A0083043F /* Base64.m */; };
		FF435EDE13E9B04E0083043F /* world.png in Resources */ = {isa = PBXBuildFile; fileRef = FF435EDD13E9B04E0083043F /* world.png */; };
		FF4BBC1713F740B0001EBEBD /* back_button.png in Resources */ = {isa = PBXBuildFile; fileRef = FF4BBC1213F740B0001EBEBD /* back_button.png */; };
		FF4BBC1813F740B0001EBEBD /* back_button@2x.png in Resources */ = {isa = PBXBuildFile; fileRef = FF4BBC1313F740B0001EBEBD /* back_button@2x.png */; };
		FF4BBC1913F740B0001EBEBD /* forward_button.png in Resources */ = {isa = PBXBuildFile; fileRef = FF4BBC1413F740B0001EBEBD /* forward_button.png */; };
		FF4BBC1A13F740B0001EBEBD /* forward_button@2x.png in Resources */ = {isa = PBXBuildFile; fileRef = FF4BBC1513F740B0001EBEBD /* forward_button@2x.png */; };
		FF4BBC1B13F740B0001EBEBD /* toolbar_back_button.png in Resources */ = {isa = PBXBuildFile; fileRef = FF4BBC1613F740B0001EBEBD /* toolbar_back_button.png */; };
		FF4BBC1E13F7487A001EBEBD /* TransparentToolbar.m in Sources */ = {isa = PBXBuildFile; fileRef = FF4BBC1D13F7487A001EBEBD /* TransparentToolbar.m */; };
		FF56EC7B13F755E40009D8E0 /* MBProgressHUD.m in Sources */ = {isa = PBXBuildFile; fileRef = FF56EC7A13F755E40009D8E0 /* MBProgressHUD.m */; };
		FF56EC8013F759E60009D8E0 /* logo_newsblur_blur.png in Resources */ = {isa = PBXBuildFile; fileRef = FF56EC7F13F759E60009D8E0 /* logo_newsblur_blur.png */; };
		FF56EC8213F75B7B0009D8E0 /* logo_background.png in Resources */ = {isa = PBXBuildFile; fileRef = FF56EC8113F75B7B0009D8E0 /* logo_background.png */; };
		FF56EC8413F795380009D8E0 /* Background.png in Resources */ = {isa = PBXBuildFile; fileRef = FF56EC8313F795380009D8E0 /* Background.png */; };
		FF5EA47F143B691000B7563D /* AddViewController.m in Sources */ = {isa = PBXBuildFile; fileRef = FF5EA47D143B691000B7563D /* AddViewController.m */; };
		FF5EA480143B691000B7563D /* AddViewController.xib in Resources */ = {isa = PBXBuildFile; fileRef = FF5EA47E143B691000B7563D /* AddViewController.xib */; };
		FF793E1B13F1A9F700F282D2 /* ASIDataCompressor.m in Sources */ = {isa = PBXBuildFile; fileRef = FF793E1813F1A9F700F282D2 /* ASIDataCompressor.m */; };
		FF793E1C13F1A9F700F282D2 /* ASIDataDecompressor.m in Sources */ = {isa = PBXBuildFile; fileRef = FF793E1A13F1A9F700F282D2 /* ASIDataDecompressor.m */; };
		FF79E11D13EB756A0095C852 /* arrow.png in Resources */ = {isa = PBXBuildFile; fileRef = FF79E11913EB756A0095C852 /* arrow.png */; };
		FF79E11E13EB756A0095C852 /* arrow@2x.png in Resources */ = {isa = PBXBuildFile; fileRef = FF79E11A13EB756A0095C852 /* arrow@2x.png */; };
		FF79E11F13EB756A0095C852 /* PullToRefreshView.m in Sources */ = {isa = PBXBuildFile; fileRef = FF79E11C13EB756A0095C852 /* PullToRefreshView.m */; };
		FF7DB4C413F58486008176BF /* folder.png in Resources */ = {isa = PBXBuildFile; fileRef = FF7DB4C313F58486008176BF /* folder.png */; };
		FFAD4971144A386100BA6919 /* libz.dylib in Frameworks */ = {isa = PBXBuildFile; fileRef = FFAD4970144A386100BA6919 /* libz.dylib */; };
		FFCE7AE813D49165009A98F6 /* FeedTableCell.m in Sources */ = {isa = PBXBuildFile; fileRef = FFCE7AE613D49165009A98F6 /* FeedTableCell.m */; };
		FFD2BB8B1401AD85004277DA /* libTestFlight.a in Frameworks */ = {isa = PBXBuildFile; fileRef = FFD2BB8A1401AD85004277DA /* libTestFlight.a */; };
		FFD53379143E60B100C5555D /* add_button.png in Resources */ = {isa = PBXBuildFile; fileRef = FFD53377143E60B100C5555D /* add_button.png */; };
		FFD5337D143E614700C5555D /* line_items_icon.png in Resources */ = {isa = PBXBuildFile; fileRef = FFD5337C143E614700C5555D /* line_items_icon.png */; };
		FFD5337F143E652300C5555D /* add_button@2x.png in Resources */ = {isa = PBXBuildFile; fileRef = FFD5337E143E652300C5555D /* add_button@2x.png */; };
		FFD53381143E6CA700C5555D /* icon_list_bullets.png in Resources */ = {isa = PBXBuildFile; fileRef = FFD53380143E6CA700C5555D /* icon_list_bullets.png */; };
		FFD53383143E6D2800C5555D /* icon_list_bullets_half.png in Resources */ = {isa = PBXBuildFile; fileRef = FFD53382143E6D2800C5555D /* icon_list_bullets_half.png */; };
		FFD53386143E6E6600C5555D /* icon_list_bullets_half@2x.png in Resources */ = {isa = PBXBuildFile; fileRef = FFD53384143E6E6600C5555D /* icon_list_bullets_half@2x.png */; };
		FFD53387143E6E6600C5555D /* icon_list_bullets@2x.png in Resources */ = {isa = PBXBuildFile; fileRef = FFD53385143E6E6600C5555D /* icon_list_bullets@2x.png */; };
		FFD5338A143E6FB300C5555D /* settings_icon.png in Resources */ = {isa = PBXBuildFile; fileRef = FFD53388143E6FB300C5555D /* settings_icon.png */; };
		FFD5338D143E701400C5555D /* settings_icon@2x.png in Resources */ = {isa = PBXBuildFile; fileRef = FFD5338C143E701400C5555D /* settings_icon@2x.png */; };
		FFD53390143E722000C5555D /* network_icon_all.png in Resources */ = {isa = PBXBuildFile; fileRef = FFD5338E143E722000C5555D /* network_icon_all.png */; };
		FFD53391143E722000C5555D /* network_icon.png in Resources */ = {isa = PBXBuildFile; fileRef = FFD5338F143E722000C5555D /* network_icon.png */; };
		FFD887F01445F1E800385399 /* AddSiteAutocompleteCell.m in Sources */ = {isa = PBXBuildFile; fileRef = FFD887EE1445F1E800385399 /* AddSiteAutocompleteCell.m */; };
		FFD887F11445F1E800385399 /* AddSiteAutocompleteCell.xib in Resources */ = {isa = PBXBuildFile; fileRef = FFD887EF1445F1E800385399 /* AddSiteAutocompleteCell.xib */; };
		FFE5322F144C8AC300ACFDE0 /* Utilities.m in Sources */ = {isa = PBXBuildFile; fileRef = FFE5322E144C8AC300ACFDE0 /* Utilities.m */; };
/* End PBXBuildFile section */

/* Begin PBXFileReference section */
		1D30AB110D05D00D00671497 /* Foundation.framework */ = {isa = PBXFileReference; lastKnownFileType = wrapper.framework; name = Foundation.framework; path = System/Library/Frameworks/Foundation.framework; sourceTree = SDKROOT; };
		1D3623240D0F684500981E51 /* NewsBlurAppDelegate.h */ = {isa = PBXFileReference; fileEncoding = 4; lastKnownFileType = sourcecode.c.h; path = NewsBlurAppDelegate.h; sourceTree = "<group>"; };
		1D3623250D0F684500981E51 /* NewsBlurAppDelegate.m */ = {isa = PBXFileReference; fileEncoding = 4; lastKnownFileType = sourcecode.c.objc; path = NewsBlurAppDelegate.m; sourceTree = "<group>"; };
		1D6058910D05DD3D006BFB54 /* NewsBlur.app */ = {isa = PBXFileReference; explicitFileType = wrapper.application; includeInIndex = 0; path = NewsBlur.app; sourceTree = BUILT_PRODUCTS_DIR; };
		1DF5F4DF0D08C38300B7A737 /* UIKit.framework */ = {isa = PBXFileReference; lastKnownFileType = wrapper.framework; name = UIKit.framework; path = System/Library/Frameworks/UIKit.framework; sourceTree = SDKROOT; };
		288765A40DF7441C002DB57D /* CoreGraphics.framework */ = {isa = PBXFileReference; lastKnownFileType = wrapper.framework; name = CoreGraphics.framework; path = System/Library/Frameworks/CoreGraphics.framework; sourceTree = SDKROOT; };
		2899E5210DE3E06400AC0155 /* NewsBlurViewController.xib */ = {isa = PBXFileReference; lastKnownFileType = file.xib; name = NewsBlurViewController.xib; path = ../NewsBlurViewController.xib; sourceTree = "<group>"; };
		28AD733E0D9D9553002E5188 /* MainWindow.xib */ = {isa = PBXFileReference; lastKnownFileType = file.xib; name = MainWindow.xib; path = ../MainWindow.xib; sourceTree = "<group>"; };
		28D7ACF60DDB3853001CB0EB /* NewsBlurViewController.h */ = {isa = PBXFileReference; fileEncoding = 4; lastKnownFileType = sourcecode.c.h; path = NewsBlurViewController.h; sourceTree = "<group>"; };
		28D7ACF70DDB3853001CB0EB /* NewsBlurViewController.m */ = {isa = PBXFileReference; fileEncoding = 4; indentWidth = 4; lastKnownFileType = sourcecode.c.objc; path = NewsBlurViewController.m; sourceTree = "<group>"; tabWidth = 4; usesTabs = 0; wrapsLines = 1; };
		29B97316FDCFA39411CA2CEA /* main.m */ = {isa = PBXFileReference; fileEncoding = 4; lastKnownFileType = sourcecode.c.objc; path = main.m; sourceTree = "<group>"; };
		32CA4F630368D1EE00C91783 /* NewsBlur_Prefix.pch */ = {isa = PBXFileReference; fileEncoding = 4; lastKnownFileType = sourcecode.c.h; path = NewsBlur_Prefix.pch; sourceTree = "<group>"; };
		78095E24128EF30C00230C8E /* ASIAuthenticationDialog.h */ = {isa = PBXFileReference; fileEncoding = 4; lastKnownFileType = sourcecode.c.h; path = ASIAuthenticationDialog.h; sourceTree = "<group>"; };
		78095E25128EF30C00230C8E /* ASIAuthenticationDialog.m */ = {isa = PBXFileReference; fileEncoding = 4; lastKnownFileType = sourcecode.c.objc; path = ASIAuthenticationDialog.m; sourceTree = "<group>"; };
		78095E26128EF30C00230C8E /* ASICacheDelegate.h */ = {isa = PBXFileReference; fileEncoding = 4; lastKnownFileType = sourcecode.c.h; path = ASICacheDelegate.h; sourceTree = "<group>"; };
		78095E27128EF30C00230C8E /* ASIDownloadCache.h */ = {isa = PBXFileReference; fileEncoding = 4; lastKnownFileType = sourcecode.c.h; path = ASIDownloadCache.h; sourceTree = "<group>"; };
		78095E28128EF30C00230C8E /* ASIDownloadCache.m */ = {isa = PBXFileReference; fileEncoding = 4; lastKnownFileType = sourcecode.c.objc; path = ASIDownloadCache.m; sourceTree = "<group>"; };
		78095E29128EF30C00230C8E /* ASIFormDataRequest.h */ = {isa = PBXFileReference; fileEncoding = 4; lastKnownFileType = sourcecode.c.h; path = ASIFormDataRequest.h; sourceTree = "<group>"; };
		78095E2A128EF30C00230C8E /* ASIFormDataRequest.m */ = {isa = PBXFileReference; fileEncoding = 4; lastKnownFileType = sourcecode.c.objc; path = ASIFormDataRequest.m; sourceTree = "<group>"; };
		78095E2B128EF30C00230C8E /* ASIHTTPRequest.h */ = {isa = PBXFileReference; fileEncoding = 4; lastKnownFileType = sourcecode.c.h; path = ASIHTTPRequest.h; sourceTree = "<group>"; };
		78095E2C128EF30C00230C8E /* ASIHTTPRequest.m */ = {isa = PBXFileReference; fileEncoding = 4; lastKnownFileType = sourcecode.c.objc; path = ASIHTTPRequest.m; sourceTree = "<group>"; };
		78095E2D128EF30C00230C8E /* ASIHTTPRequestConfig.h */ = {isa = PBXFileReference; fileEncoding = 4; lastKnownFileType = sourcecode.c.h; path = ASIHTTPRequestConfig.h; sourceTree = "<group>"; };
		78095E2E128EF30C00230C8E /* ASIHTTPRequestDelegate.h */ = {isa = PBXFileReference; fileEncoding = 4; lastKnownFileType = sourcecode.c.h; path = ASIHTTPRequestDelegate.h; sourceTree = "<group>"; };
		78095E2F128EF30C00230C8E /* ASIInputStream.h */ = {isa = PBXFileReference; fileEncoding = 4; lastKnownFileType = sourcecode.c.h; path = ASIInputStream.h; sourceTree = "<group>"; };
		78095E30128EF30C00230C8E /* ASIInputStream.m */ = {isa = PBXFileReference; fileEncoding = 4; lastKnownFileType = sourcecode.c.objc; path = ASIInputStream.m; sourceTree = "<group>"; };
		78095E31128EF30C00230C8E /* ASINetworkQueue.h */ = {isa = PBXFileReference; fileEncoding = 4; lastKnownFileType = sourcecode.c.h; path = ASINetworkQueue.h; sourceTree = "<group>"; };
		78095E32128EF30C00230C8E /* ASINetworkQueue.m */ = {isa = PBXFileReference; fileEncoding = 4; lastKnownFileType = sourcecode.c.objc; path = ASINetworkQueue.m; sourceTree = "<group>"; };
		78095E33128EF30C00230C8E /* ASIProgressDelegate.h */ = {isa = PBXFileReference; fileEncoding = 4; lastKnownFileType = sourcecode.c.h; path = ASIProgressDelegate.h; sourceTree = "<group>"; };
		78095E3B128EF32200230C8E /* Reachability.h */ = {isa = PBXFileReference; fileEncoding = 4; lastKnownFileType = sourcecode.c.h; path = Reachability.h; sourceTree = "<group>"; };
		78095E3C128EF32200230C8E /* Reachability.m */ = {isa = PBXFileReference; fileEncoding = 4; lastKnownFileType = sourcecode.c.objc; path = Reachability.m; sourceTree = "<group>"; };
		78095E3E128EF35400230C8E /* CFNetwork.framework */ = {isa = PBXFileReference; lastKnownFileType = wrapper.framework; name = CFNetwork.framework; path = System/Library/Frameworks/CFNetwork.framework; sourceTree = SDKROOT; };
		78095E42128EF37E00230C8E /* MobileCoreServices.framework */ = {isa = PBXFileReference; lastKnownFileType = wrapper.framework; name = MobileCoreServices.framework; path = System/Library/Frameworks/MobileCoreServices.framework; sourceTree = SDKROOT; };
		78095E44128EF37E00230C8E /* SystemConfiguration.framework */ = {isa = PBXFileReference; lastKnownFileType = wrapper.framework; name = SystemConfiguration.framework; path = System/Library/Frameworks/SystemConfiguration.framework; sourceTree = SDKROOT; };
		78095E46128EF37F00230C8E /* libz.1.2.3.dylib */ = {isa = PBXFileReference; lastKnownFileType = "compiled.mach-o.dylib"; name = libz.1.2.3.dylib; path = usr/lib/libz.1.2.3.dylib; sourceTree = SDKROOT; };
		78095EC6128F30B500230C8E /* OriginalStoryViewController.h */ = {isa = PBXFileReference; fileEncoding = 4; lastKnownFileType = sourcecode.c.h; path = OriginalStoryViewController.h; sourceTree = "<group>"; };
		78095EC7128F30B500230C8E /* OriginalStoryViewController.m */ = {isa = PBXFileReference; fileEncoding = 4; indentWidth = 4; lastKnownFileType = sourcecode.c.objc; path = OriginalStoryViewController.m; sourceTree = "<group>"; };
		78095EC8128F30B500230C8E /* OriginalStoryViewController.xib */ = {isa = PBXFileReference; lastKnownFileType = file.xib; path = OriginalStoryViewController.xib; sourceTree = "<group>"; };
		7842ECF511D44A530066CF9D /* StoryDetailViewController.h */ = {isa = PBXFileReference; fileEncoding = 4; lastKnownFileType = sourcecode.c.h; path = StoryDetailViewController.h; sourceTree = "<group>"; };
		7842ECF611D44A530066CF9D /* StoryDetailViewController.m */ = {isa = PBXFileReference; fileEncoding = 4; lastKnownFileType = sourcecode.c.objc; path = StoryDetailViewController.m; sourceTree = "<group>"; };
		7842ECF711D44A530066CF9D /* StoryDetailViewController.xib */ = {isa = PBXFileReference; lastKnownFileType = file.xib; path = StoryDetailViewController.xib; sourceTree = "<group>"; };
		7843F4E811EEABDC00675F64 /* FeedDetailTableCell.xib */ = {isa = PBXFileReference; lastKnownFileType = file.xib; path = FeedDetailTableCell.xib; sourceTree = "<group>"; };
		7843F50311EEB1A000675F64 /* FeedDetailTableCell.h */ = {isa = PBXFileReference; fileEncoding = 4; lastKnownFileType = sourcecode.c.h; path = FeedDetailTableCell.h; sourceTree = "<group>"; };
		7843F50411EEB1A000675F64 /* FeedDetailTableCell.m */ = {isa = PBXFileReference; fileEncoding = 4; lastKnownFileType = sourcecode.c.objc; path = FeedDetailTableCell.m; sourceTree = "<group>"; };
		7843F50B11EEB4EE00675F64 /* bullet_blue.png */ = {isa = PBXFileReference; lastKnownFileType = image.png; path = bullet_blue.png; sourceTree = "<group>"; };
		7843F50C11EEB4EE00675F64 /* bullet_orange.png */ = {isa = PBXFileReference; lastKnownFileType = image.png; path = bullet_orange.png; sourceTree = "<group>"; };
		7843F50D11EEB4EE00675F64 /* bullet_red.png */ = {isa = PBXFileReference; lastKnownFileType = image.png; path = bullet_red.png; sourceTree = "<group>"; };
		7843F50E11EEB4EE00675F64 /* bullet_yellow.png */ = {isa = PBXFileReference; lastKnownFileType = image.png; path = bullet_yellow.png; sourceTree = "<group>"; };
		784B50E3127E3A6A008F90EA /* LoginViewController.xib */ = {isa = PBXFileReference; lastKnownFileType = file.xib; path = LoginViewController.xib; sourceTree = "<group>"; };
		784B50EA127E3F68008F90EA /* LoginViewController.h */ = {isa = PBXFileReference; fileEncoding = 4; lastKnownFileType = sourcecode.c.h; path = LoginViewController.h; sourceTree = "<group>"; };
		784B50EB127E3F68008F90EA /* LoginViewController.m */ = {isa = PBXFileReference; fileEncoding = 4; lastKnownFileType = sourcecode.c.objc; path = LoginViewController.m; sourceTree = "<group>"; };
		787A0CD811CE65330056422D /* FeedDetailViewController.h */ = {isa = PBXFileReference; fileEncoding = 4; lastKnownFileType = sourcecode.c.h; path = FeedDetailViewController.h; sourceTree = "<group>"; };
		787A0CD911CE65330056422D /* FeedDetailViewController.m */ = {isa = PBXFileReference; fileEncoding = 4; lastKnownFileType = sourcecode.c.objc; path = FeedDetailViewController.m; sourceTree = "<group>"; };
		787A0CDA11CE65330056422D /* FeedDetailViewController.xib */ = {isa = PBXFileReference; lastKnownFileType = file.xib; path = FeedDetailViewController.xib; sourceTree = "<group>"; };
		787B782E129356FC0025F214 /* bullet_green.png */ = {isa = PBXFileReference; lastKnownFileType = image.png; path = bullet_green.png; sourceTree = "<group>"; };
		788EF355127E5BC80088EDC5 /* QuartzCore.framework */ = {isa = PBXFileReference; lastKnownFileType = wrapper.framework; name = QuartzCore.framework; path = System/Library/Frameworks/QuartzCore.framework; sourceTree = SDKROOT; };
		78FC34EA11CA94900055C312 /* JSON.h */ = {isa = PBXFileReference; fileEncoding = 4; lastKnownFileType = sourcecode.c.h; path = JSON.h; sourceTree = "<group>"; };
		78FC34EB11CA94900055C312 /* NSObject+SBJSON.h */ = {isa = PBXFileReference; fileEncoding = 4; lastKnownFileType = sourcecode.c.h; path = "NSObject+SBJSON.h"; sourceTree = "<group>"; };
		78FC34EC11CA94900055C312 /* NSObject+SBJSON.m */ = {isa = PBXFileReference; fileEncoding = 4; lastKnownFileType = sourcecode.c.objc; path = "NSObject+SBJSON.m"; sourceTree = "<group>"; };
		78FC34ED11CA94900055C312 /* NSString+SBJSON.h */ = {isa = PBXFileReference; fileEncoding = 4; lastKnownFileType = sourcecode.c.h; path = "NSString+SBJSON.h"; sourceTree = "<group>"; };
		78FC34EE11CA94900055C312 /* NSString+SBJSON.m */ = {isa = PBXFileReference; fileEncoding = 4; lastKnownFileType = sourcecode.c.objc; path = "NSString+SBJSON.m"; sourceTree = "<group>"; };
		78FC34EF11CA94900055C312 /* SBJSON.h */ = {isa = PBXFileReference; fileEncoding = 4; lastKnownFileType = sourcecode.c.h; path = SBJSON.h; sourceTree = "<group>"; };
		78FC34F011CA94900055C312 /* SBJSON.m */ = {isa = PBXFileReference; fileEncoding = 4; lastKnownFileType = sourcecode.c.objc; path = SBJSON.m; sourceTree = "<group>"; };
		78FC34F111CA94900055C312 /* SBJsonBase.h */ = {isa = PBXFileReference; fileEncoding = 4; lastKnownFileType = sourcecode.c.h; path = SBJsonBase.h; sourceTree = "<group>"; };
		78FC34F211CA94900055C312 /* SBJsonBase.m */ = {isa = PBXFileReference; fileEncoding = 4; lastKnownFileType = sourcecode.c.objc; path = SBJsonBase.m; sourceTree = "<group>"; };
		78FC34F311CA94900055C312 /* SBJsonParser.h */ = {isa = PBXFileReference; fileEncoding = 4; lastKnownFileType = sourcecode.c.h; path = SBJsonParser.h; sourceTree = "<group>"; };
		78FC34F411CA94900055C312 /* SBJsonParser.m */ = {isa = PBXFileReference; fileEncoding = 4; lastKnownFileType = sourcecode.c.objc; path = SBJsonParser.m; sourceTree = "<group>"; };
		78FC34F511CA94900055C312 /* SBJsonWriter.h */ = {isa = PBXFileReference; fileEncoding = 4; lastKnownFileType = sourcecode.c.h; path = SBJsonWriter.h; sourceTree = "<group>"; };
		78FC34F611CA94900055C312 /* SBJsonWriter.m */ = {isa = PBXFileReference; fileEncoding = 4; lastKnownFileType = sourcecode.c.objc; path = SBJsonWriter.m; sourceTree = "<group>"; };
		8D1107310486CEB800E47090 /* NewsBlur-Info.plist */ = {isa = PBXFileReference; fileEncoding = 4; lastKnownFileType = text.plist.xml; path = "NewsBlur-Info.plist"; plistStructureDefinitionIdentifier = "com.apple.xcode.plist.structure-definition.iphone.info-plist"; sourceTree = "<group>"; };
		FF032DCD13F9F01900FA3F76 /* Entitlements.entitlements */ = {isa = PBXFileReference; fileEncoding = 4; lastKnownFileType = text.xml; path = Entitlements.entitlements; sourceTree = "<group>"; };
		FF1902C7144A5D53000BC634 /* ellipses.png */ = {isa = PBXFileReference; lastKnownFileType = image.png; path = ellipses.png; sourceTree = "<group>"; };
		FF1902C8144A5D53000BC634 /* ellipses@2x.png */ = {isa = PBXFileReference; lastKnownFileType = image.png; path = "ellipses@2x.png"; sourceTree = "<group>"; };
		FF1902CC144A5DAB000BC634 /* ellipses_half.png */ = {isa = PBXFileReference; lastKnownFileType = image.png; path = ellipses_half.png; sourceTree = "<group>"; };
		FF1902CD144A5DAB000BC634 /* ellipses_half@2x.png */ = {isa = PBXFileReference; lastKnownFileType = image.png; path = "ellipses_half@2x.png"; sourceTree = "<group>"; };
		FF1902D0144A6854000BC634 /* train.png */ = {isa = PBXFileReference; lastKnownFileType = image.png; path = train.png; sourceTree = "<group>"; };
		FF1C46BB13E5E9BB00E7609E /* Default.png */ = {isa = PBXFileReference; lastKnownFileType = image.png; path = Default.png; sourceTree = "<group>"; };
		FF1C46BD13E5E9BD00E7609E /* Default@2x.png */ = {isa = PBXFileReference; lastKnownFileType = image.png; path = "Default@2x.png"; sourceTree = "<group>"; };
		FF1C46BF13E6002300E7609E /* logo_57.png */ = {isa = PBXFileReference; lastKnownFileType = image.png; path = logo_57.png; sourceTree = "<group>"; };
		FF1C46C113E6003300E7609E /* logo_114.png */ = {isa = PBXFileReference; lastKnownFileType = image.png; path = logo_114.png; sourceTree = "<group>"; };
		FF38679913D88EEC00F8AB3A /* NSString+HTML.h */ = {isa = PBXFileReference; fileEncoding = 4; lastKnownFileType = sourcecode.c.h; path = "NSString+HTML.h"; sourceTree = "<group>"; };
		FF38679A13D88EEC00F8AB3A /* NSString+HTML.m */ = {isa = PBXFileReference; fileEncoding = 4; lastKnownFileType = sourcecode.c.objc; path = "NSString+HTML.m"; sourceTree = "<group>"; };
		FF38679C13D8914A00F8AB3A /* GTMNString+HTML.h */ = {isa = PBXFileReference; fileEncoding = 4; lastKnownFileType = sourcecode.c.h; path = "GTMNString+HTML.h"; sourceTree = "<group>"; };
		FF38679D13D8914A00F8AB3A /* GTMNString+HTML.m */ = {isa = PBXFileReference; fileEncoding = 4; lastKnownFileType = sourcecode.c.objc; path = "GTMNString+HTML.m"; sourceTree = "<group>"; };
		FF38679F13D8916E00F8AB3A /* GTMDefines.h */ = {isa = PBXFileReference; fileEncoding = 4; lastKnownFileType = sourcecode.c.h; path = GTMDefines.h; sourceTree = "<group>"; };
		FF38DB1113F2112D00251891 /* UIView+TKCategory.h */ = {isa = PBXFileReference; fileEncoding = 4; lastKnownFileType = sourcecode.c.h; path = "UIView+TKCategory.h"; sourceTree = "<group>"; };
		FF38DB1213F2112D00251891 /* UIView+TKCategory.m */ = {isa = PBXFileReference; fileEncoding = 4; lastKnownFileType = sourcecode.c.objc; path = "UIView+TKCategory.m"; sourceTree = "<group>"; };
		FF38DB1513F211DC00251891 /* UIImage+TKCategory.h */ = {isa = PBXFileReference; fileEncoding = 4; lastKnownFileType = sourcecode.c.h; path = "UIImage+TKCategory.h"; sourceTree = "<group>"; };
		FF38DB1613F211DC00251891 /* UIImage+TKCategory.m */ = {isa = PBXFileReference; fileEncoding = 4; lastKnownFileType = sourcecode.c.objc; path = "UIImage+TKCategory.m"; sourceTree = "<group>"; };
		FF38DB1813F21B2C00251891 /* ABTableViewCell.h */ = {isa = PBXFileReference; fileEncoding = 4; lastKnownFileType = sourcecode.c.h; path = ABTableViewCell.h; sourceTree = "<group>"; };
		FF38DB1913F21B2C00251891 /* ABTableViewCell.m */ = {isa = PBXFileReference; fileEncoding = 4; lastKnownFileType = sourcecode.c.objc; path = ABTableViewCell.m; sourceTree = "<group>"; };
		FF435ED913E9AF4A0083043F /* Base64.h */ = {isa = PBXFileReference; fileEncoding = 4; lastKnownFileType = sourcecode.c.h; path = Base64.h; sourceTree = "<group>"; };
		FF435EDA13E9AF4A0083043F /* Base64.m */ = {isa = PBXFileReference; fileEncoding = 4; lastKnownFileType = sourcecode.c.objc; path = Base64.m; sourceTree = "<group>"; };
		FF435EDD13E9B04E0083043F /* world.png */ = {isa = PBXFileReference; lastKnownFileType = image.png; path = world.png; sourceTree = "<group>"; };
		FF4BBC1213F740B0001EBEBD /* back_button.png */ = {isa = PBXFileReference; lastKnownFileType = image.png; path = back_button.png; sourceTree = "<group>"; };
		FF4BBC1313F740B0001EBEBD /* back_button@2x.png */ = {isa = PBXFileReference; lastKnownFileType = image.png; path = "back_button@2x.png"; sourceTree = "<group>"; };
		FF4BBC1413F740B0001EBEBD /* forward_button.png */ = {isa = PBXFileReference; lastKnownFileType = image.png; path = forward_button.png; sourceTree = "<group>"; };
		FF4BBC1513F740B0001EBEBD /* forward_button@2x.png */ = {isa = PBXFileReference; lastKnownFileType = image.png; path = "forward_button@2x.png"; sourceTree = "<group>"; };
		FF4BBC1613F740B0001EBEBD /* toolbar_back_button.png */ = {isa = PBXFileReference; lastKnownFileType = image.png; path = toolbar_back_button.png; sourceTree = "<group>"; };
		FF4BBC1C13F7487A001EBEBD /* TransparentToolbar.h */ = {isa = PBXFileReference; fileEncoding = 4; lastKnownFileType = sourcecode.c.h; path = TransparentToolbar.h; sourceTree = "<group>"; };
		FF4BBC1D13F7487A001EBEBD /* TransparentToolbar.m */ = {isa = PBXFileReference; fileEncoding = 4; lastKnownFileType = sourcecode.c.objc; path = TransparentToolbar.m; sourceTree = "<group>"; };
		FF56EC7913F755E40009D8E0 /* MBProgressHUD.h */ = {isa = PBXFileReference; fileEncoding = 4; lastKnownFileType = sourcecode.c.h; path = MBProgressHUD.h; sourceTree = "<group>"; };
		FF56EC7A13F755E40009D8E0 /* MBProgressHUD.m */ = {isa = PBXFileReference; fileEncoding = 4; lastKnownFileType = sourcecode.c.objc; path = MBProgressHUD.m; sourceTree = "<group>"; };
		FF56EC7F13F759E60009D8E0 /* logo_newsblur_blur.png */ = {isa = PBXFileReference; lastKnownFileType = image.png; path = logo_newsblur_blur.png; sourceTree = "<group>"; };
		FF56EC8113F75B7B0009D8E0 /* logo_background.png */ = {isa = PBXFileReference; lastKnownFileType = image.png; path = logo_background.png; sourceTree = "<group>"; };
		FF56EC8313F795380009D8E0 /* Background.png */ = {isa = PBXFileReference; lastKnownFileType = image.png; path = Background.png; sourceTree = "<group>"; };
		FF5EA47C143B691000B7563D /* AddViewController.h */ = {isa = PBXFileReference; fileEncoding = 4; lastKnownFileType = sourcecode.c.h; path = AddViewController.h; sourceTree = "<group>"; };
		FF5EA47D143B691000B7563D /* AddViewController.m */ = {isa = PBXFileReference; fileEncoding = 4; lastKnownFileType = sourcecode.c.objc; path = AddViewController.m; sourceTree = "<group>"; };
		FF5EA47E143B691000B7563D /* AddViewController.xib */ = {isa = PBXFileReference; fileEncoding = 4; lastKnownFileType = file.xib; path = AddViewController.xib; sourceTree = "<group>"; };
		FF793E1713F1A9F700F282D2 /* ASIDataCompressor.h */ = {isa = PBXFileReference; fileEncoding = 4; lastKnownFileType = sourcecode.c.h; path = ASIDataCompressor.h; sourceTree = "<group>"; };
		FF793E1813F1A9F700F282D2 /* ASIDataCompressor.m */ = {isa = PBXFileReference; fileEncoding = 4; lastKnownFileType = sourcecode.c.objc; path = ASIDataCompressor.m; sourceTree = "<group>"; };
		FF793E1913F1A9F700F282D2 /* ASIDataDecompressor.h */ = {isa = PBXFileReference; fileEncoding = 4; lastKnownFileType = sourcecode.c.h; path = ASIDataDecompressor.h; sourceTree = "<group>"; };
		FF793E1A13F1A9F700F282D2 /* ASIDataDecompressor.m */ = {isa = PBXFileReference; fileEncoding = 4; lastKnownFileType = sourcecode.c.objc; path = ASIDataDecompressor.m; sourceTree = "<group>"; };
		FF79E11913EB756A0095C852 /* arrow.png */ = {isa = PBXFileReference; lastKnownFileType = image.png; path = arrow.png; sourceTree = "<group>"; };
		FF79E11A13EB756A0095C852 /* arrow@2x.png */ = {isa = PBXFileReference; lastKnownFileType = image.png; path = "arrow@2x.png"; sourceTree = "<group>"; };
		FF79E11B13EB756A0095C852 /* PullToRefreshView.h */ = {isa = PBXFileReference; fileEncoding = 4; lastKnownFileType = sourcecode.c.h; path = PullToRefreshView.h; sourceTree = "<group>"; };
		FF79E11C13EB756A0095C852 /* PullToRefreshView.m */ = {isa = PBXFileReference; fileEncoding = 4; lastKnownFileType = sourcecode.c.objc; path = PullToRefreshView.m; sourceTree = "<group>"; };
		FF7DB4C313F58486008176BF /* folder.png */ = {isa = PBXFileReference; lastKnownFileType = image.png; path = folder.png; sourceTree = "<group>"; };
		FFAD4970144A386100BA6919 /* libz.dylib */ = {isa = PBXFileReference; lastKnownFileType = "compiled.mach-o.dylib"; name = libz.dylib; path = usr/lib/libz.dylib; sourceTree = SDKROOT; };
		FFCE7AE513D49165009A98F6 /* FeedTableCell.h */ = {isa = PBXFileReference; fileEncoding = 4; lastKnownFileType = sourcecode.c.h; name = FeedTableCell.h; path = ../NewsBlur.xcodeproj/FeedTableCell.h; sourceTree = "<group>"; };
		FFCE7AE613D49165009A98F6 /* FeedTableCell.m */ = {isa = PBXFileReference; fileEncoding = 4; lastKnownFileType = sourcecode.c.objc; name = FeedTableCell.m; path = ../NewsBlur.xcodeproj/FeedTableCell.m; sourceTree = "<group>"; };
		FFD2BB891401AD85004277DA /* TestFlight.h */ = {isa = PBXFileReference; fileEncoding = 4; lastKnownFileType = sourcecode.c.h; path = TestFlight.h; sourceTree = "<group>"; };
		FFD2BB8A1401AD85004277DA /* libTestFlight.a */ = {isa = PBXFileReference; lastKnownFileType = archive.ar; path = libTestFlight.a; sourceTree = "<group>"; };
		FFD53377143E60B100C5555D /* add_button.png */ = {isa = PBXFileReference; lastKnownFileType = image.png; path = add_button.png; sourceTree = "<group>"; };
		FFD5337C143E614700C5555D /* line_items_icon.png */ = {isa = PBXFileReference; lastKnownFileType = image.png; path = line_items_icon.png; sourceTree = "<group>"; };
		FFD5337E143E652300C5555D /* add_button@2x.png */ = {isa = PBXFileReference; lastKnownFileType = image.png; path = "add_button@2x.png"; sourceTree = "<group>"; };
		FFD53380143E6CA700C5555D /* icon_list_bullets.png */ = {isa = PBXFileReference; lastKnownFileType = image.png; path = icon_list_bullets.png; sourceTree = "<group>"; };
		FFD53382143E6D2800C5555D /* icon_list_bullets_half.png */ = {isa = PBXFileReference; lastKnownFileType = image.png; path = icon_list_bullets_half.png; sourceTree = "<group>"; };
		FFD53384143E6E6600C5555D /* icon_list_bullets_half@2x.png */ = {isa = PBXFileReference; lastKnownFileType = image.png; path = "icon_list_bullets_half@2x.png"; sourceTree = "<group>"; };
		FFD53385143E6E6600C5555D /* icon_list_bullets@2x.png */ = {isa = PBXFileReference; lastKnownFileType = image.png; path = "icon_list_bullets@2x.png"; sourceTree = "<group>"; };
		FFD53388143E6FB300C5555D /* settings_icon.png */ = {isa = PBXFileReference; lastKnownFileType = image.png; path = settings_icon.png; sourceTree = "<group>"; };
		FFD5338C143E701400C5555D /* settings_icon@2x.png */ = {isa = PBXFileReference; lastKnownFileType = image.png; path = "settings_icon@2x.png"; sourceTree = "<group>"; };
		FFD5338E143E722000C5555D /* network_icon_all.png */ = {isa = PBXFileReference; lastKnownFileType = image.png; path = network_icon_all.png; sourceTree = "<group>"; };
		FFD5338F143E722000C5555D /* network_icon.png */ = {isa = PBXFileReference; lastKnownFileType = image.png; path = network_icon.png; sourceTree = "<group>"; };
		FFD887ED1445F1E800385399 /* AddSiteAutocompleteCell.h */ = {isa = PBXFileReference; fileEncoding = 4; lastKnownFileType = sourcecode.c.h; path = AddSiteAutocompleteCell.h; sourceTree = "<group>"; };
		FFD887EE1445F1E800385399 /* AddSiteAutocompleteCell.m */ = {isa = PBXFileReference; fileEncoding = 4; lastKnownFileType = sourcecode.c.objc; path = AddSiteAutocompleteCell.m; sourceTree = "<group>"; };
		FFD887EF1445F1E800385399 /* AddSiteAutocompleteCell.xib */ = {isa = PBXFileReference; fileEncoding = 4; lastKnownFileType = file.xib; path = AddSiteAutocompleteCell.xib; sourceTree = "<group>"; };
		FFE5322D144C8AC300ACFDE0 /* Utilities.h */ = {isa = PBXFileReference; fileEncoding = 4; lastKnownFileType = sourcecode.c.h; path = Utilities.h; sourceTree = "<group>"; };
		FFE5322E144C8AC300ACFDE0 /* Utilities.m */ = {isa = PBXFileReference; fileEncoding = 4; lastKnownFileType = sourcecode.c.objc; path = Utilities.m; sourceTree = "<group>"; };
/* End PBXFileReference section */

/* Begin PBXFrameworksBuildPhase section */
		1D60588F0D05DD3D006BFB54 /* Frameworks */ = {
			isa = PBXFrameworksBuildPhase;
			buildActionMask = 2147483647;
			files = (
				FFAD4971144A386100BA6919 /* libz.dylib in Frameworks */,
				1D60589F0D05DD5A006BFB54 /* Foundation.framework in Frameworks */,
				1DF5F4E00D08C38300B7A737 /* UIKit.framework in Frameworks */,
				288765A50DF7441C002DB57D /* CoreGraphics.framework in Frameworks */,
				788EF356127E5BC80088EDC5 /* QuartzCore.framework in Frameworks */,
				78095E3F128EF35400230C8E /* CFNetwork.framework in Frameworks */,
				78095E43128EF37E00230C8E /* MobileCoreServices.framework in Frameworks */,
				78095E45128EF37E00230C8E /* SystemConfiguration.framework in Frameworks */,
				FFD2BB8B1401AD85004277DA /* libTestFlight.a in Frameworks */,
			);
			runOnlyForDeploymentPostprocessing = 0;
		};
/* End PBXFrameworksBuildPhase section */

/* Begin PBXGroup section */
		080E96DDFE201D6D7F000001 /* Classes */ = {
			isa = PBXGroup;
			children = (
				28AD733E0D9D9553002E5188 /* MainWindow.xib */,
				1D3623240D0F684500981E51 /* NewsBlurAppDelegate.h */,
				1D3623250D0F684500981E51 /* NewsBlurAppDelegate.m */,
				784B50EA127E3F68008F90EA /* LoginViewController.h */,
				784B50EB127E3F68008F90EA /* LoginViewController.m */,
				784B50E3127E3A6A008F90EA /* LoginViewController.xib */,
				28D7ACF60DDB3853001CB0EB /* NewsBlurViewController.h */,
				28D7ACF70DDB3853001CB0EB /* NewsBlurViewController.m */,
				2899E5210DE3E06400AC0155 /* NewsBlurViewController.xib */,
				FFCE7AE513D49165009A98F6 /* FeedTableCell.h */,
				FFCE7AE613D49165009A98F6 /* FeedTableCell.m */,
				FF5EA47C143B691000B7563D /* AddViewController.h */,
				FF5EA47D143B691000B7563D /* AddViewController.m */,
				FF5EA47E143B691000B7563D /* AddViewController.xib */,
				FFD887ED1445F1E800385399 /* AddSiteAutocompleteCell.h */,
				FFD887EE1445F1E800385399 /* AddSiteAutocompleteCell.m */,
				FFD887EF1445F1E800385399 /* AddSiteAutocompleteCell.xib */,
				787A0CD811CE65330056422D /* FeedDetailViewController.h */,
				787A0CD911CE65330056422D /* FeedDetailViewController.m */,
				787A0CDA11CE65330056422D /* FeedDetailViewController.xib */,
				7843F50311EEB1A000675F64 /* FeedDetailTableCell.h */,
				7843F50411EEB1A000675F64 /* FeedDetailTableCell.m */,
				7843F4E811EEABDC00675F64 /* FeedDetailTableCell.xib */,
				7842ECF511D44A530066CF9D /* StoryDetailViewController.h */,
				7842ECF611D44A530066CF9D /* StoryDetailViewController.m */,
				7842ECF711D44A530066CF9D /* StoryDetailViewController.xib */,
				78095EC6128F30B500230C8E /* OriginalStoryViewController.h */,
				78095EC7128F30B500230C8E /* OriginalStoryViewController.m */,
				78095EC8128F30B500230C8E /* OriginalStoryViewController.xib */,
				FFE5322D144C8AC300ACFDE0 /* Utilities.h */,
				FFE5322E144C8AC300ACFDE0 /* Utilities.m */,
			);
			path = Classes;
			sourceTree = "<group>";
		};
		19C28FACFE9D520D11CA2CBB /* Products */ = {
			isa = PBXGroup;
			children = (
				1D6058910D05DD3D006BFB54 /* NewsBlur.app */,
			);
			name = Products;
			sourceTree = "<group>";
		};
		29B97314FDCFA39411CA2CEA /* CustomTemplate */ = {
			isa = PBXGroup;
			children = (
				FFAD4970144A386100BA6919 /* libz.dylib */,
				080E96DDFE201D6D7F000001 /* Classes */,
				29B97315FDCFA39411CA2CEA /* Other Sources */,
				29B97317FDCFA39411CA2CEA /* Resources */,
				29B97323FDCFA39411CA2CEA /* Frameworks */,
				19C28FACFE9D520D11CA2CBB /* Products */,
			);
			name = CustomTemplate;
			sourceTree = "<group>";
		};
		29B97315FDCFA39411CA2CEA /* Other Sources */ = {
			isa = PBXGroup;
			children = (
				32CA4F630368D1EE00C91783 /* NewsBlur_Prefix.pch */,
				FFD2BB891401AD85004277DA /* TestFlight.h */,
				FFD2BB8A1401AD85004277DA /* libTestFlight.a */,
				FF79E11B13EB756A0095C852 /* PullToRefreshView.h */,
				FF79E11C13EB756A0095C852 /* PullToRefreshView.m */,
				29B97316FDCFA39411CA2CEA /* main.m */,
				FF38679913D88EEC00F8AB3A /* NSString+HTML.h */,
				FF38679C13D8914A00F8AB3A /* GTMNString+HTML.h */,
				FF38679F13D8916E00F8AB3A /* GTMDefines.h */,
				FF56EC7913F755E40009D8E0 /* MBProgressHUD.h */,
				FF56EC7A13F755E40009D8E0 /* MBProgressHUD.m */,
				FF38679D13D8914A00F8AB3A /* GTMNString+HTML.m */,
				FF38679A13D88EEC00F8AB3A /* NSString+HTML.m */,
				FF435ED913E9AF4A0083043F /* Base64.h */,
				FF435EDA13E9AF4A0083043F /* Base64.m */,
				FF38DB1113F2112D00251891 /* UIView+TKCategory.h */,
				FF38DB1213F2112D00251891 /* UIView+TKCategory.m */,
				FF38DB1513F211DC00251891 /* UIImage+TKCategory.h */,
				FF38DB1613F211DC00251891 /* UIImage+TKCategory.m */,
				FF38DB1813F21B2C00251891 /* ABTableViewCell.h */,
				FF38DB1913F21B2C00251891 /* ABTableViewCell.m */,
				FF4BBC1C13F7487A001EBEBD /* TransparentToolbar.h */,
				FF4BBC1D13F7487A001EBEBD /* TransparentToolbar.m */,
			);
			name = "Other Sources";
			sourceTree = "<group>";
		};
		29B97317FDCFA39411CA2CEA /* Resources */ = {
			isa = PBXGroup;
			children = (
				FF1902C7144A5D53000BC634 /* ellipses.png */,
				FF1902C8144A5D53000BC634 /* ellipses@2x.png */,
				FFD5337C143E614700C5555D /* line_items_icon.png */,
				FFD53382143E6D2800C5555D /* icon_list_bullets_half.png */,
				FFD53377143E60B100C5555D /* add_button.png */,
				FFD5337E143E652300C5555D /* add_button@2x.png */,
				FF7DB4C313F58486008176BF /* folder.png */,
				FF1902D0144A6854000BC634 /* train.png */,
				FFD53388143E6FB300C5555D /* settings_icon.png */,
				FF79E11913EB756A0095C852 /* arrow.png */,
				FFD5338E143E722000C5555D /* network_icon_all.png */,
				FFD5338F143E722000C5555D /* network_icon.png */,
				FF79E11A13EB756A0095C852 /* arrow@2x.png */,
				FF56EC8113F75B7B0009D8E0 /* logo_background.png */,
				FF435EDD13E9B04E0083043F /* world.png */,
				FF1C46C113E6003300E7609E /* logo_114.png */,
				FF56EC7F13F759E60009D8E0 /* logo_newsblur_blur.png */,
				FFD53380143E6CA700C5555D /* icon_list_bullets.png */,
				FF1C46BF13E6002300E7609E /* logo_57.png */,
				FF56EC8313F795380009D8E0 /* Background.png */,
				FF1C46BD13E5E9BD00E7609E /* Default@2x.png */,
				FFD53384143E6E6600C5555D /* icon_list_bullets_half@2x.png */,
				FFD53385143E6E6600C5555D /* icon_list_bullets@2x.png */,
				FF1902CC144A5DAB000BC634 /* ellipses_half.png */,
				FF1902CD144A5DAB000BC634 /* ellipses_half@2x.png */,
				FF1C46BB13E5E9BB00E7609E /* Default.png */,
				7843F50B11EEB4EE00675F64 /* bullet_blue.png */,
				787B782E129356FC0025F214 /* bullet_green.png */,
				FF4BBC1213F740B0001EBEBD /* back_button.png */,
				FF4BBC1313F740B0001EBEBD /* back_button@2x.png */,
				FF4BBC1413F740B0001EBEBD /* forward_button.png */,
				FF4BBC1513F740B0001EBEBD /* forward_button@2x.png */,
				FF4BBC1613F740B0001EBEBD /* toolbar_back_button.png */,
				7843F50C11EEB4EE00675F64 /* bullet_orange.png */,
				7843F50D11EEB4EE00675F64 /* bullet_red.png */,
				7843F50E11EEB4EE00675F64 /* bullet_yellow.png */,
				8D1107310486CEB800E47090 /* NewsBlur-Info.plist */,
				FFD5338C143E701400C5555D /* settings_icon@2x.png */,
				FF032DCD13F9F01900FA3F76 /* Entitlements.entitlements */,
			);
			name = Resources;
			sourceTree = "<group>";
		};
		29B97323FDCFA39411CA2CEA /* Frameworks */ = {
			isa = PBXGroup;
			children = (
				78095E3E128EF35400230C8E /* CFNetwork.framework */,
				78095E42128EF37E00230C8E /* MobileCoreServices.framework */,
				78095E44128EF37E00230C8E /* SystemConfiguration.framework */,
				78095E46128EF37F00230C8E /* libz.1.2.3.dylib */,
				78095E3A128EF32200230C8E /* Reachability */,
				78095E23128EF30C00230C8E /* ASI */,
				78FC34E911CA94900055C312 /* JSON */,
				1DF5F4DF0D08C38300B7A737 /* UIKit.framework */,
				1D30AB110D05D00D00671497 /* Foundation.framework */,
				288765A40DF7441C002DB57D /* CoreGraphics.framework */,
				788EF355127E5BC80088EDC5 /* QuartzCore.framework */,
			);
			name = Frameworks;
			sourceTree = "<group>";
		};
		78095E23128EF30C00230C8E /* ASI */ = {
			isa = PBXGroup;
			children = (
				78095E24128EF30C00230C8E /* ASIAuthenticationDialog.h */,
				78095E25128EF30C00230C8E /* ASIAuthenticationDialog.m */,
				FF793E1713F1A9F700F282D2 /* ASIDataCompressor.h */,
				FF793E1813F1A9F700F282D2 /* ASIDataCompressor.m */,
				FF793E1913F1A9F700F282D2 /* ASIDataDecompressor.h */,
				FF793E1A13F1A9F700F282D2 /* ASIDataDecompressor.m */,
				78095E26128EF30C00230C8E /* ASICacheDelegate.h */,
				78095E27128EF30C00230C8E /* ASIDownloadCache.h */,
				78095E28128EF30C00230C8E /* ASIDownloadCache.m */,
				78095E29128EF30C00230C8E /* ASIFormDataRequest.h */,
				78095E2A128EF30C00230C8E /* ASIFormDataRequest.m */,
				78095E2B128EF30C00230C8E /* ASIHTTPRequest.h */,
				78095E2C128EF30C00230C8E /* ASIHTTPRequest.m */,
				78095E2D128EF30C00230C8E /* ASIHTTPRequestConfig.h */,
				78095E2E128EF30C00230C8E /* ASIHTTPRequestDelegate.h */,
				78095E2F128EF30C00230C8E /* ASIInputStream.h */,
				78095E30128EF30C00230C8E /* ASIInputStream.m */,
				78095E31128EF30C00230C8E /* ASINetworkQueue.h */,
				78095E32128EF30C00230C8E /* ASINetworkQueue.m */,
				78095E33128EF30C00230C8E /* ASIProgressDelegate.h */,
			);
			path = ASI;
			sourceTree = "<group>";
		};
		78095E3A128EF32200230C8E /* Reachability */ = {
			isa = PBXGroup;
			children = (
				78095E3B128EF32200230C8E /* Reachability.h */,
				78095E3C128EF32200230C8E /* Reachability.m */,
			);
			path = Reachability;
			sourceTree = "<group>";
		};
		78FC34E911CA94900055C312 /* JSON */ = {
			isa = PBXGroup;
			children = (
				78FC34EA11CA94900055C312 /* JSON.h */,
				78FC34EB11CA94900055C312 /* NSObject+SBJSON.h */,
				78FC34EC11CA94900055C312 /* NSObject+SBJSON.m */,
				78FC34ED11CA94900055C312 /* NSString+SBJSON.h */,
				78FC34EE11CA94900055C312 /* NSString+SBJSON.m */,
				78FC34EF11CA94900055C312 /* SBJSON.h */,
				78FC34F011CA94900055C312 /* SBJSON.m */,
				78FC34F111CA94900055C312 /* SBJsonBase.h */,
				78FC34F211CA94900055C312 /* SBJsonBase.m */,
				78FC34F311CA94900055C312 /* SBJsonParser.h */,
				78FC34F411CA94900055C312 /* SBJsonParser.m */,
				78FC34F511CA94900055C312 /* SBJsonWriter.h */,
				78FC34F611CA94900055C312 /* SBJsonWriter.m */,
			);
			name = JSON;
			path = Source;
			sourceTree = "<group>";
		};
/* End PBXGroup section */

/* Begin PBXNativeTarget section */
		1D6058900D05DD3D006BFB54 /* NewsBlur */ = {
			isa = PBXNativeTarget;
			buildConfigurationList = 1D6058960D05DD3E006BFB54 /* Build configuration list for PBXNativeTarget "NewsBlur" */;
			buildPhases = (
				1D60588D0D05DD3D006BFB54 /* Resources */,
				1D60588E0D05DD3D006BFB54 /* Sources */,
				1D60588F0D05DD3D006BFB54 /* Frameworks */,
			);
			buildRules = (
			);
			dependencies = (
			);
			name = NewsBlur;
			productName = NewsBlur;
			productReference = 1D6058910D05DD3D006BFB54 /* NewsBlur.app */;
			productType = "com.apple.product-type.application";
		};
/* End PBXNativeTarget section */

/* Begin PBXProject section */
		29B97313FDCFA39411CA2CEA /* Project object */ = {
			isa = PBXProject;
			attributes = {
				LastUpgradeCheck = 0420;
				ORGANIZATIONNAME = NewsBlur;
			};
			buildConfigurationList = C01FCF4E08A954540054247B /* Build configuration list for PBXProject "NewsBlur" */;
			compatibilityVersion = "Xcode 3.2";
			developmentRegion = English;
			hasScannedForEncodings = 1;
			knownRegions = (
				English,
				Japanese,
				French,
				German,
			);
			mainGroup = 29B97314FDCFA39411CA2CEA /* CustomTemplate */;
			projectDirPath = "";
			projectRoot = "";
			targets = (
				1D6058900D05DD3D006BFB54 /* NewsBlur */,
			);
		};
/* End PBXProject section */

/* Begin PBXResourcesBuildPhase section */
		1D60588D0D05DD3D006BFB54 /* Resources */ = {
			isa = PBXResourcesBuildPhase;
			buildActionMask = 2147483647;
			files = (
				28AD733F0D9D9553002E5188 /* MainWindow.xib in Resources */,
				2899E5220DE3E06400AC0155 /* NewsBlurViewController.xib in Resources */,
				787A0CDC11CE65330056422D /* FeedDetailViewController.xib in Resources */,
				7842ECF911D44A540066CF9D /* StoryDetailViewController.xib in Resources */,
				7843F4E911EEABDC00675F64 /* FeedDetailTableCell.xib in Resources */,
				7843F50F11EEB4EE00675F64 /* bullet_blue.png in Resources */,
				7843F51011EEB4EE00675F64 /* bullet_orange.png in Resources */,
				7843F51111EEB4EE00675F64 /* bullet_red.png in Resources */,
				7843F51211EEB4EE00675F64 /* bullet_yellow.png in Resources */,
				784B50E5127E3A6A008F90EA /* LoginViewController.xib in Resources */,
				78095ECA128F30B500230C8E /* OriginalStoryViewController.xib in Resources */,
				787B782F129356FC0025F214 /* bullet_green.png in Resources */,
				FF1C46BC13E5E9BB00E7609E /* Default.png in Resources */,
				FF1C46BE13E5E9BD00E7609E /* Default@2x.png in Resources */,
				FF1C46C013E6002300E7609E /* logo_57.png in Resources */,
				FF1C46C213E6003300E7609E /* logo_114.png in Resources */,
				FF435EDE13E9B04E0083043F /* world.png in Resources */,
				FF79E11D13EB756A0095C852 /* arrow.png in Resources */,
				FF79E11E13EB756A0095C852 /* arrow@2x.png in Resources */,
				FF7DB4C413F58486008176BF /* folder.png in Resources */,
				FF4BBC1713F740B0001EBEBD /* back_button.png in Resources */,
				FF4BBC1813F740B0001EBEBD /* back_button@2x.png in Resources */,
				FF4BBC1913F740B0001EBEBD /* forward_button.png in Resources */,
				FF4BBC1A13F740B0001EBEBD /* forward_button@2x.png in Resources */,
				FF4BBC1B13F740B0001EBEBD /* toolbar_back_button.png in Resources */,
				FF56EC8013F759E60009D8E0 /* logo_newsblur_blur.png in Resources */,
				FF56EC8213F75B7B0009D8E0 /* logo_background.png in Resources */,
				FF56EC8413F795380009D8E0 /* Background.png in Resources */,
				FF032DCE13F9F01900FA3F76 /* Entitlements.entitlements in Resources */,
				FF5EA480143B691000B7563D /* AddViewController.xib in Resources */,
				FFD53379143E60B100C5555D /* add_button.png in Resources */,
				FFD5337D143E614700C5555D /* line_items_icon.png in Resources */,
				FFD5337F143E652300C5555D /* add_button@2x.png in Resources */,
				FFD53381143E6CA700C5555D /* icon_list_bullets.png in Resources */,
				FFD53383143E6D2800C5555D /* icon_list_bullets_half.png in Resources */,
				FFD53386143E6E6600C5555D /* icon_list_bullets_half@2x.png in Resources */,
				FFD53387143E6E6600C5555D /* icon_list_bullets@2x.png in Resources */,
				FFD5338A143E6FB300C5555D /* settings_icon.png in Resources */,
				FFD5338D143E701400C5555D /* settings_icon@2x.png in Resources */,
				FFD53390143E722000C5555D /* network_icon_all.png in Resources */,
				FFD53391143E722000C5555D /* network_icon.png in Resources */,
				FFD887F11445F1E800385399 /* AddSiteAutocompleteCell.xib in Resources */,
				FF1902C9144A5D53000BC634 /* ellipses.png in Resources */,
				FF1902CA144A5D53000BC634 /* ellipses@2x.png in Resources */,
				FF1902CE144A5DAB000BC634 /* ellipses_half.png in Resources */,
				FF1902CF144A5DAB000BC634 /* ellipses_half@2x.png in Resources */,
				FF1902D1144A6854000BC634 /* train.png in Resources */,
			);
			runOnlyForDeploymentPostprocessing = 0;
		};
/* End PBXResourcesBuildPhase section */

/* Begin PBXSourcesBuildPhase section */
		1D60588E0D05DD3D006BFB54 /* Sources */ = {
			isa = PBXSourcesBuildPhase;
			buildActionMask = 2147483647;
			files = (
				1D60589B0D05DD56006BFB54 /* main.m in Sources */,
				1D3623260D0F684500981E51 /* NewsBlurAppDelegate.m in Sources */,
				28D7ACF80DDB3853001CB0EB /* NewsBlurViewController.m in Sources */,
				78FC34F711CA94900055C312 /* NSObject+SBJSON.m in Sources */,
				78FC34F811CA94900055C312 /* NSString+SBJSON.m in Sources */,
				78FC34F911CA94900055C312 /* SBJSON.m in Sources */,
				78FC34FA11CA94900055C312 /* SBJsonBase.m in Sources */,
				78FC34FB11CA94900055C312 /* SBJsonParser.m in Sources */,
				78FC34FC11CA94900055C312 /* SBJsonWriter.m in Sources */,
				787A0CDB11CE65330056422D /* FeedDetailViewController.m in Sources */,
				7842ECF811D44A530066CF9D /* StoryDetailViewController.m in Sources */,
				7843F50511EEB1A000675F64 /* FeedDetailTableCell.m in Sources */,
				784B50ED127E3F68008F90EA /* LoginViewController.m in Sources */,
				78095E34128EF30C00230C8E /* ASIAuthenticationDialog.m in Sources */,
				78095E35128EF30D00230C8E /* ASIDownloadCache.m in Sources */,
				78095E36128EF30D00230C8E /* ASIFormDataRequest.m in Sources */,
				78095E37128EF30D00230C8E /* ASIHTTPRequest.m in Sources */,
				78095E38128EF30D00230C8E /* ASIInputStream.m in Sources */,
				78095E39128EF30D00230C8E /* ASINetworkQueue.m in Sources */,
				78095E3D128EF32200230C8E /* Reachability.m in Sources */,
				78095EC9128F30B500230C8E /* OriginalStoryViewController.m in Sources */,
				FFCE7AE813D49165009A98F6 /* FeedTableCell.m in Sources */,
				FF38679B13D88EEC00F8AB3A /* NSString+HTML.m in Sources */,
				FF38679E13D8914A00F8AB3A /* GTMNString+HTML.m in Sources */,
				FF435EDB13E9AF4A0083043F /* Base64.m in Sources */,
				FF79E11F13EB756A0095C852 /* PullToRefreshView.m in Sources */,
				FF793E1B13F1A9F700F282D2 /* ASIDataCompressor.m in Sources */,
				FF793E1C13F1A9F700F282D2 /* ASIDataDecompressor.m in Sources */,
				FF38DB1313F2112D00251891 /* UIView+TKCategory.m in Sources */,
				FF38DB1713F211DC00251891 /* UIImage+TKCategory.m in Sources */,
				FF38DB1A13F21B2C00251891 /* ABTableViewCell.m in Sources */,
				FF4BBC1E13F7487A001EBEBD /* TransparentToolbar.m in Sources */,
				FF56EC7B13F755E40009D8E0 /* MBProgressHUD.m in Sources */,
				FF5EA47F143B691000B7563D /* AddViewController.m in Sources */,
				FFD887F01445F1E800385399 /* AddSiteAutocompleteCell.m in Sources */,
				FFE5322F144C8AC300ACFDE0 /* Utilities.m in Sources */,
			);
			runOnlyForDeploymentPostprocessing = 0;
		};
/* End PBXSourcesBuildPhase section */

/* Begin XCBuildConfiguration section */
		1D6058940D05DD3E006BFB54 /* Debug */ = {
			isa = XCBuildConfiguration;
			buildSettings = {
				ALWAYS_SEARCH_USER_PATHS = YES;
				CODE_SIGN_ENTITLEMENTS = Entitlements.entitlements;
				CODE_SIGN_IDENTITY = "iPhone Distribution";
				"CODE_SIGN_IDENTITY[sdk=iphoneos*]" = "iPhone Distribution";
				COPY_PHASE_STRIP = NO;
				GCC_DYNAMIC_NO_PIC = NO;
				GCC_OPTIMIZATION_LEVEL = 0;
				GCC_PRECOMPILE_PREFIX_HEADER = YES;
				GCC_PREFIX_HEADER = NewsBlur_Prefix.pch;
				GCC_VERSION = "";
				HEADER_SEARCH_PATHS = "";
				INFOPLIST_FILE = "NewsBlur-Info.plist";
				LIBRARY_SEARCH_PATHS = (
					"$(inherited)",
					"\"$(SRCROOT)\"",
				);
				OTHER_LDFLAGS = (
					"-all_load",
					"-ObjC",
				);
				PRODUCT_NAME = NewsBlur;
				PROVISIONING_PROFILE = "";
				"PROVISIONING_PROFILE[sdk=iphoneos*]" = "";
			};
			name = Debug;
		};
		1D6058950D05DD3E006BFB54 /* Release */ = {
			isa = XCBuildConfiguration;
			buildSettings = {
				ALWAYS_SEARCH_USER_PATHS = NO;
				CODE_SIGN_ENTITLEMENTS = Entitlements.entitlements;
				CODE_SIGN_IDENTITY = "iPhone Distribution";
				"CODE_SIGN_IDENTITY[sdk=iphoneos*]" = "iPhone Distribution";
				COPY_PHASE_STRIP = YES;
				GCC_PRECOMPILE_PREFIX_HEADER = YES;
				GCC_PREFIX_HEADER = NewsBlur_Prefix.pch;
				GCC_VERSION = "";
				HEADER_SEARCH_PATHS = "";
				INFOPLIST_FILE = "NewsBlur-Info.plist";
				LIBRARY_SEARCH_PATHS = (
					"$(inherited)",
					"\"$(SRCROOT)\"",
				);
				OTHER_LDFLAGS = (
					"-ObjC",
					"-all_load",
				);
				PRODUCT_NAME = NewsBlur;
				PROVISIONING_PROFILE = "";
				"PROVISIONING_PROFILE[sdk=iphoneos*]" = "";
				VALIDATE_PRODUCT = YES;
			};
			name = Release;
		};
		C01FCF4F08A954540054247B /* Debug */ = {
			isa = XCBuildConfiguration;
			buildSettings = {
				ARCHS = "$(ARCHS_STANDARD_32_BIT)";
				CODE_SIGN_IDENTITY = "iPhone Distribution: Samuel Clay";
				"CODE_SIGN_IDENTITY[sdk=iphoneos*]" = "iPhone Distribution: Samuel Clay";
				COPY_PHASE_STRIP = NO;
				GCC_C_LANGUAGE_STANDARD = "compiler-default";
				GCC_WARN_ABOUT_RETURN_TYPE = YES;
				GCC_WARN_UNUSED_VARIABLE = YES;
				HEADER_SEARCH_PATHS = "$(BUILT_PRODUCTS_DIR)/**";
				IPHONEOS_DEPLOYMENT_TARGET = 4.0;
				OTHER_LDFLAGS = "-ObjC";
				PROVISIONING_PROFILE = "382118CB-42EB-4479-93DB-9963EFFA6DDD";
				"PROVISIONING_PROFILE[sdk=iphoneos*]" = "382118CB-42EB-4479-93DB-9963EFFA6DDD";
				RUN_CLANG_STATIC_ANALYZER = YES;
				SDKROOT = iphoneos;
				STRIP_INSTALLED_PRODUCT = NO;
			};
			name = Debug;
		};
		C01FCF5008A954540054247B /* Release */ = {
			isa = XCBuildConfiguration;
			buildSettings = {
				ARCHS = "$(ARCHS_STANDARD_32_BIT)";
				CODE_SIGN_IDENTITY = "iPhone Distribution: Samuel Clay";
				"CODE_SIGN_IDENTITY[sdk=iphoneos*]" = "iPhone Distribution: Samuel Clay";
				COPY_PHASE_STRIP = NO;
				GCC_C_LANGUAGE_STANDARD = "compiler-default";
				GCC_WARN_ABOUT_RETURN_TYPE = YES;
				GCC_WARN_UNUSED_VARIABLE = YES;
				HEADER_SEARCH_PATHS = "$(BUILT_PRODUCTS_DIR)/**";
				IPHONEOS_DEPLOYMENT_TARGET = 4.0;
				OTHER_CFLAGS = "-DNS_BLOCK_ASSERTIONS=1";
				OTHER_LDFLAGS = "-ObjC";
				PROVISIONING_PROFILE = "382118CB-42EB-4479-93DB-9963EFFA6DDD";
				"PROVISIONING_PROFILE[sdk=iphoneos*]" = "382118CB-42EB-4479-93DB-9963EFFA6DDD";
				SDKROOT = iphoneos;
				STRIP_INSTALLED_PRODUCT = NO;
			};
			name = Release;
		};
/* End XCBuildConfiguration section */

/* Begin XCConfigurationList section */
		1D6058960D05DD3E006BFB54 /* Build configuration list for PBXNativeTarget "NewsBlur" */ = {
			isa = XCConfigurationList;
			buildConfigurations = (
				1D6058940D05DD3E006BFB54 /* Debug */,
				1D6058950D05DD3E006BFB54 /* Release */,
			);
			defaultConfigurationIsVisible = 0;
			defaultConfigurationName = Release;
		};
		C01FCF4E08A954540054247B /* Build configuration list for PBXProject "NewsBlur" */ = {
			isa = XCConfigurationList;
			buildConfigurations = (
				C01FCF4F08A954540054247B /* Debug */,
				C01FCF5008A954540054247B /* Release */,
			);
			defaultConfigurationIsVisible = 0;
			defaultConfigurationName = Release;
		};
/* End XCConfigurationList section */
	};
	rootObject = 29B97313FDCFA39411CA2CEA /* Project object */;
}
